
Microsoft Visual Studio Solution File, Format Version 12.00
# Visual Studio Version 17
VisualStudioVersion = 17.14.36603.0
MinimumVisualStudioVersion = 10.0.40219.1
Project("{FAE04EC0-301F-11D3-BF4B-00C04F79EFBC}") = "FBZapp", "FBZapp\FBZapp.csproj", "{B986E806-F5D1-4526-8224-0DE635CDBCAC}"
EndProject
Project("{FAE04EC0-301F-11D3-BF4B-00C04F79EFBC}") = "FBZapp.Tests", "FBZapp.Tests\FBZapp.Tests.csproj", "{53C03030-E82C-49FB-889A-7FE8FC4D458E}"
EndProject
Global
	GlobalSection(SolutionConfigurationPlatforms) = preSolution
		Debug|Any CPU = Debug|Any CPU
		Release|Any CPU = Release|Any CPU
	EndGlobalSection
	GlobalSection(ProjectConfigurationPlatforms) = postSolution
		{B986E806-F5D1-4526-8224-0DE635CDBCAC}.Debug|Any CPU.ActiveCfg = Debug|Any CPU
		{B986E806-F5D1-4526-8224-0DE635CDBCAC}.Debug|Any CPU.Build.0 = Debug|Any CPU
		{B986E806-F5D1-4526-8224-0DE635CDBCAC}.Release|Any CPU.ActiveCfg = Release|Any CPU
		{B986E806-F5D1-4526-8224-0DE635CDBCAC}.Release|Any CPU.Build.0 = Release|Any CPU
		{53C03030-E82C-49FB-889A-7FE8FC4D458E}.Debug|Any CPU.ActiveCfg = Debug|Any CPU
		{53C03030-E82C-49FB-889A-7FE8FC4D458E}.Debug|Any CPU.Build.0 = Debug|Any CPU
		{53C03030-E82C-49FB-889A-7FE8FC4D458E}.Release|Any CPU.ActiveCfg = Release|Any CPU
		{53C03030-E82C-49FB-889A-7FE8FC4D458E}.Release|Any CPU.Build.0 = Release|Any CPU
	EndGlobalSection
	GlobalSection(SolutionProperties) = preSolution
		HideSolutionNode = FALSE
	EndGlobalSection
	GlobalSection(ExtensibilityGlobals) = postSolution
		SolutionGuid = {A68E7CF8-B552-42E9-9912-83F4CC1D5E44}
	EndGlobalSection
EndGlobal
